
Microsoft Visual Studio Solution File, Format Version 12.00
# Visual Studio Version 17
VisualStudioVersion = 17.7.34202.233
MinimumVisualStudioVersion = 10.0.40219.1
Project("{9A19103F-16F7-4668-BE54-9A1E7A4F7556}") = "ImportarCSV", "ImportarCSV\ImportarCSV.csproj", "{B04A60D2-B9AC-49C3-BAB6-F7EE0B1F34F7}"
EndProject
Project("{2150E333-8FDC-42A3-9474-1A3956D46DE8}") = "Entities", "Entities", "{2D102165-FFBC-4165-A275-40174583C180}"
EndProject
Global
	GlobalSection(SolutionConfigurationPlatforms) = preSolution
		Debug|Any CPU = Debug|Any CPU
		Release|Any CPU = Release|Any CPU
	EndGlobalSection
	GlobalSection(ProjectConfigurationPlatforms) = postSolution
		{B04A60D2-B9AC-49C3-BAB6-F7EE0B1F34F7}.Debug|Any CPU.ActiveCfg = Debug|Any CPU
		{B04A60D2-B9AC-49C3-BAB6-F7EE0B1F34F7}.Debug|Any CPU.Build.0 = Debug|Any CPU
		{B04A60D2-B9AC-49C3-BAB6-F7EE0B1F34F7}.Release|Any CPU.ActiveCfg = Release|Any CPU
		{B04A60D2-B9AC-49C3-BAB6-F7EE0B1F34F7}.Release|Any CPU.Build.0 = Release|Any CPU
	EndGlobalSection
	GlobalSection(SolutionProperties) = preSolution
		HideSolutionNode = FALSE
	EndGlobalSection
	GlobalSection(ExtensibilityGlobals) = postSolution
		SolutionGuid = {D00A4BCB-747D-41BC-B1A5-BEF8471F6985}
	EndGlobalSection
EndGlobal
